
Microsoft Visual Studio Solution File, Format Version 12.00
# Visual Studio Version 17
VisualStudioVersion = 17.1.32407.343
MinimumVisualStudioVersion = 10.0.40219.1
Project("{FAE04EC0-301F-11D3-BF4B-00C04F79EFBC}") = "NullpInterpreter", "NullpInterpreter\NullpInterpreter.csproj", "{67B2A487-688D-445B-97FA-FFA43691EC6C}"
EndProject
Global
	GlobalSection(SolutionConfigurationPlatforms) = preSolution
		Debug|Any CPU = Debug|Any CPU
		Release|Any CPU = Release|Any CPU
	EndGlobalSection
	GlobalSection(ProjectConfigurationPlatforms) = postSolution
		{67B2A487-688D-445B-97FA-FFA43691EC6C}.Debug|Any CPU.ActiveCfg = Debug|Any CPU
		{67B2A487-688D-445B-97FA-FFA43691EC6C}.Debug|Any CPU.Build.0 = Debug|Any CPU
		{67B2A487-688D-445B-97FA-FFA43691EC6C}.Release|Any CPU.ActiveCfg = Release|Any CPU
		{67B2A487-688D-445B-97FA-FFA43691EC6C}.Release|Any CPU.Build.0 = Release|Any CPU
	EndGlobalSection
	GlobalSection(SolutionProperties) = preSolution
		HideSolutionNode = FALSE
	EndGlobalSection
	GlobalSection(ExtensibilityGlobals) = postSolution
		SolutionGuid = {5A1F3052-7864-492A-94CA-BDCF119E6C0D}
	EndGlobalSection
EndGlobal
